
Microsoft Visual Studio Solution File, Format Version 12.00
# Visual Studio 15
VisualStudioVersion = 15.0.26124.0
MinimumVisualStudioVersion = 15.0.26124.0
Project("{FAE04EC0-301F-11D3-BF4B-00C04F79EFBC}") = "API", "API\API.csproj", "{2D9E5EE5-581E-485B-A416-F3AFC418D8C8}"
EndProject
Project("{FAE04EC0-301F-11D3-BF4B-00C04F79EFBC}") = "Core", "Core\Core.csproj", "{7D5C02EE-3212-47B5-BCF1-67331239D63D}"
EndProject
Project("{FAE04EC0-301F-11D3-BF4B-00C04F79EFBC}") = "Infrastuctore", "Infrastuctore\Infrastuctore.csproj", "{2B7692F9-A120-48BA-85BA-B0A13D1FEEE5}"
EndProject
Global
	GlobalSection(SolutionConfigurationPlatforms) = preSolution
		Debug|Any CPU = Debug|Any CPU
		Debug|x64 = Debug|x64
		Debug|x86 = Debug|x86
		Release|Any CPU = Release|Any CPU
		Release|x64 = Release|x64
		Release|x86 = Release|x86
	EndGlobalSection
	GlobalSection(SolutionProperties) = preSolution
		HideSolutionNode = FALSE
	EndGlobalSection
	GlobalSection(ProjectConfigurationPlatforms) = postSolution
		{2D9E5EE5-581E-485B-A416-F3AFC418D8C8}.Debug|Any CPU.ActiveCfg = Debug|Any CPU
		{2D9E5EE5-581E-485B-A416-F3AFC418D8C8}.Debug|Any CPU.Build.0 = Debug|Any CPU
		{2D9E5EE5-581E-485B-A416-F3AFC418D8C8}.Debug|x64.ActiveCfg = Debug|Any CPU
		{2D9E5EE5-581E-485B-A416-F3AFC418D8C8}.Debug|x64.Build.0 = Debug|Any CPU
		{2D9E5EE5-581E-485B-A416-F3AFC418D8C8}.Debug|x86.ActiveCfg = Debug|Any CPU
		{2D9E5EE5-581E-485B-A416-F3AFC418D8C8}.Debug|x86.Build.0 = Debug|Any CPU
		{2D9E5EE5-581E-485B-A416-F3AFC418D8C8}.Release|Any CPU.ActiveCfg = Release|Any CPU
		{2D9E5EE5-581E-485B-A416-F3AFC418D8C8}.Release|Any CPU.Build.0 = Release|Any CPU
		{2D9E5EE5-581E-485B-A416-F3AFC418D8C8}.Release|x64.ActiveCfg = Release|Any CPU
		{2D9E5EE5-581E-485B-A416-F3AFC418D8C8}.Release|x64.Build.0 = Release|Any CPU
		{2D9E5EE5-581E-485B-A416-F3AFC418D8C8}.Release|x86.ActiveCfg = Release|Any CPU
		{2D9E5EE5-581E-485B-A416-F3AFC418D8C8}.Release|x86.Build.0 = Release|Any CPU
		{7D5C02EE-3212-47B5-BCF1-67331239D63D}.Debug|Any CPU.ActiveCfg = Debug|Any CPU
		{7D5C02EE-3212-47B5-BCF1-67331239D63D}.Debug|Any CPU.Build.0 = Debug|Any CPU
		{7D5C02EE-3212-47B5-BCF1-67331239D63D}.Debug|x64.ActiveCfg = Debug|Any CPU
		{7D5C02EE-3212-47B5-BCF1-67331239D63D}.Debug|x64.Build.0 = Debug|Any CPU
		{7D5C02EE-3212-47B5-BCF1-67331239D63D}.Debug|x86.ActiveCfg = Debug|Any CPU
		{7D5C02EE-3212-47B5-BCF1-67331239D63D}.Debug|x86.Build.0 = Debug|Any CPU
		{7D5C02EE-3212-47B5-BCF1-67331239D63D}.Release|Any CPU.ActiveCfg = Release|Any CPU
		{7D5C02EE-3212-47B5-BCF1-67331239D63D}.Release|Any CPU.Build.0 = Release|Any CPU
		{7D5C02EE-3212-47B5-BCF1-67331239D63D}.Release|x64.ActiveCfg = Release|Any CPU
		{7D5C02EE-3212-47B5-BCF1-67331239D63D}.Release|x64.Build.0 = Release|Any CPU
		{7D5C02EE-3212-47B5-BCF1-67331239D63D}.Release|x86.ActiveCfg = Release|Any CPU
		{7D5C02EE-3212-47B5-BCF1-67331239D63D}.Release|x86.Build.0 = Release|Any CPU
		{2B7692F9-A120-48BA-85BA-B0A13D1FEEE5}.Debug|Any CPU.ActiveCfg = Debug|Any CPU
		{2B7692F9-A120-48BA-85BA-B0A13D1FEEE5}.Debug|Any CPU.Build.0 = Debug|Any CPU
		{2B7692F9-A120-48BA-85BA-B0A13D1FEEE5}.Debug|x64.ActiveCfg = Debug|Any CPU
		{2B7692F9-A120-48BA-85BA-B0A13D1FEEE5}.Debug|x64.Build.0 = Debug|Any CPU
		{2B7692F9-A120-48BA-85BA-B0A13D1FEEE5}.Debug|x86.ActiveCfg = Debug|Any CPU
		{2B7692F9-A120-48BA-85BA-B0A13D1FEEE5}.Debug|x86.Build.0 = Debug|Any CPU
		{2B7692F9-A120-48BA-85BA-B0A13D1FEEE5}.Release|Any CPU.ActiveCfg = Release|Any CPU
		{2B7692F9-A120-48BA-85BA-B0A13D1FEEE5}.Release|Any CPU.Build.0 = Release|Any CPU
		{2B7692F9-A120-48BA-85BA-B0A13D1FEEE5}.Release|x64.ActiveCfg = Release|Any CPU
		{2B7692F9-A120-48BA-85BA-B0A13D1FEEE5}.Release|x64.Build.0 = Release|Any CPU
		{2B7692F9-A120-48BA-85BA-B0A13D1FEEE5}.Release|x86.ActiveCfg = Release|Any CPU
		{2B7692F9-A120-48BA-85BA-B0A13D1FEEE5}.Release|x86.Build.0 = Release|Any CPU
	EndGlobalSection
EndGlobal
